
Microsoft Visual Studio Solution File, Format Version 12.00
# Visual Studio Version 16
VisualStudioVersion = 16.0.29509.3
MinimumVisualStudioVersion = 10.0.40219.1
Project("{FAE04EC0-301F-11D3-BF4B-00C04F79EFBC}") = "DiagonalDifference", "DiagonalDifference\DiagonalDifference.csproj", "{B34A897D-6287-423F-B35E-FC4ACDBFC50C}"
EndProject
Project("{FAE04EC0-301F-11D3-BF4B-00C04F79EFBC}") = "SquaresInMatrix", "SquaresInMatrix\SquaresInMatrix.csproj", "{C2627C69-D168-4D0F-9ACE-92AAC68E0034}"
EndProject
Project("{FAE04EC0-301F-11D3-BF4B-00C04F79EFBC}") = "MaximalSum", "MaximalSum\MaximalSum.csproj", "{3D7BFC9E-1175-4555-814C-0AB307E91D33}"
EndProject
Project("{FAE04EC0-301F-11D3-BF4B-00C04F79EFBC}") = "MatrixShuffling", "MatrixShuffling\MatrixShuffling.csproj", "{29CE6EAA-7C82-4B2B-B22C-4E4B901F0BCE}"
EndProject
Project("{FAE04EC0-301F-11D3-BF4B-00C04F79EFBC}") = "SnakeMoves", "SnakeMoves\SnakeMoves.csproj", "{93447C1C-AE96-481F-AD5F-2AA2F3BA1490}"
EndProject
Project("{FAE04EC0-301F-11D3-BF4B-00C04F79EFBC}") = "JaggedArrayManipulator", "JaggedArrayManipulator\JaggedArrayManipulator.csproj", "{601FC5E7-DDA1-4063-A54C-782CE1BBA214}"
EndProject
Project("{FAE04EC0-301F-11D3-BF4B-00C04F79EFBC}") = "KnightGame", "KnightGame\KnightGame.csproj", "{6DDF4706-F5B0-4D09-8A3D-D406959A8A69}"
EndProject
Global
	GlobalSection(SolutionConfigurationPlatforms) = preSolution
		Debug|Any CPU = Debug|Any CPU
		Release|Any CPU = Release|Any CPU
	EndGlobalSection
	GlobalSection(ProjectConfigurationPlatforms) = postSolution
		{B34A897D-6287-423F-B35E-FC4ACDBFC50C}.Debug|Any CPU.ActiveCfg = Debug|Any CPU
		{B34A897D-6287-423F-B35E-FC4ACDBFC50C}.Debug|Any CPU.Build.0 = Debug|Any CPU
		{B34A897D-6287-423F-B35E-FC4ACDBFC50C}.Release|Any CPU.ActiveCfg = Release|Any CPU
		{B34A897D-6287-423F-B35E-FC4ACDBFC50C}.Release|Any CPU.Build.0 = Release|Any CPU
		{C2627C69-D168-4D0F-9ACE-92AAC68E0034}.Debug|Any CPU.ActiveCfg = Debug|Any CPU
		{C2627C69-D168-4D0F-9ACE-92AAC68E0034}.Debug|Any CPU.Build.0 = Debug|Any CPU
		{C2627C69-D168-4D0F-9ACE-92AAC68E0034}.Release|Any CPU.ActiveCfg = Release|Any CPU
		{C2627C69-D168-4D0F-9ACE-92AAC68E0034}.Release|Any CPU.Build.0 = Release|Any CPU
		{3D7BFC9E-1175-4555-814C-0AB307E91D33}.Debug|Any CPU.ActiveCfg = Debug|Any CPU
		{3D7BFC9E-1175-4555-814C-0AB307E91D33}.Debug|Any CPU.Build.0 = Debug|Any CPU
		{3D7BFC9E-1175-4555-814C-0AB307E91D33}.Release|Any CPU.ActiveCfg = Release|Any CPU
		{3D7BFC9E-1175-4555-814C-0AB307E91D33}.Release|Any CPU.Build.0 = Release|Any CPU
		{29CE6EAA-7C82-4B2B-B22C-4E4B901F0BCE}.Debug|Any CPU.ActiveCfg = Debug|Any CPU
		{29CE6EAA-7C82-4B2B-B22C-4E4B901F0BCE}.Debug|Any CPU.Build.0 = Debug|Any CPU
		{29CE6EAA-7C82-4B2B-B22C-4E4B901F0BCE}.Release|Any CPU.ActiveCfg = Release|Any CPU
		{29CE6EAA-7C82-4B2B-B22C-4E4B901F0BCE}.Release|Any CPU.Build.0 = Release|Any CPU
		{93447C1C-AE96-481F-AD5F-2AA2F3BA1490}.Debug|Any CPU.ActiveCfg = Debug|Any CPU
		{93447C1C-AE96-481F-AD5F-2AA2F3BA1490}.Debug|Any CPU.Build.0 = Debug|Any CPU
		{93447C1C-AE96-481F-AD5F-2AA2F3BA1490}.Release|Any CPU.ActiveCfg = Release|Any CPU
		{93447C1C-AE96-481F-AD5F-2AA2F3BA1490}.Release|Any CPU.Build.0 = Release|Any CPU
		{601FC5E7-DDA1-4063-A54C-782CE1BBA214}.Debug|Any CPU.ActiveCfg = Debug|Any CPU
		{601FC5E7-DDA1-4063-A54C-782CE1BBA214}.Debug|Any CPU.Build.0 = Debug|Any CPU
		{601FC5E7-DDA1-4063-A54C-782CE1BBA214}.Release|Any CPU.ActiveCfg = Release|Any CPU
		{601FC5E7-DDA1-4063-A54C-782CE1BBA214}.Release|Any CPU.Build.0 = Release|Any CPU
		{6DDF4706-F5B0-4D09-8A3D-D406959A8A69}.Debug|Any CPU.ActiveCfg = Debug|Any CPU
		{6DDF4706-F5B0-4D09-8A3D-D406959A8A69}.Debug|Any CPU.Build.0 = Debug|Any CPU
		{6DDF4706-F5B0-4D09-8A3D-D406959A8A69}.Release|Any CPU.ActiveCfg = Release|Any CPU
		{6DDF4706-F5B0-4D09-8A3D-D406959A8A69}.Release|Any CPU.Build.0 = Release|Any CPU
	EndGlobalSection
	GlobalSection(SolutionProperties) = preSolution
		HideSolutionNode = FALSE
	EndGlobalSection
	GlobalSection(ExtensibilityGlobals) = postSolution
		SolutionGuid = {D3F957FD-8180-4556-9AB5-F1EAFD05E56A}
	EndGlobalSection
EndGlobal
