
Microsoft Visual Studio Solution File, Format Version 12.00
# Visual Studio Version 16
VisualStudioVersion = 16.0.29911.84
MinimumVisualStudioVersion = 10.0.40219.1
Project("{9A19103F-16F7-4668-BE54-9A1E7A4F7556}") = "Vehicles", "PolymorphismEx\Vehicles.csproj", "{2C2DC9DA-2DC1-4189-B0FD-CF5ABCB8F3AB}"
EndProject
Project("{9A19103F-16F7-4668-BE54-9A1E7A4F7556}") = "VehiclesMine", "VehiclesMine\VehiclesMine.csproj", "{70489752-1DD7-4633-BE8C-8DC93AFE157A}"
EndProject
Project("{9A19103F-16F7-4668-BE54-9A1E7A4F7556}") = "WildFarm", "WildFarm\WildFarm.csproj", "{BCF050D1-ADD9-4FB7-AFB5-D64DD3ACCDAF}"
EndProject
Global
	GlobalSection(SolutionConfigurationPlatforms) = preSolution
		Debug|Any CPU = Debug|Any CPU
		Release|Any CPU = Release|Any CPU
	EndGlobalSection
	GlobalSection(ProjectConfigurationPlatforms) = postSolution
		{2C2DC9DA-2DC1-4189-B0FD-CF5ABCB8F3AB}.Debug|Any CPU.ActiveCfg = Debug|Any CPU
		{2C2DC9DA-2DC1-4189-B0FD-CF5ABCB8F3AB}.Debug|Any CPU.Build.0 = Debug|Any CPU
		{2C2DC9DA-2DC1-4189-B0FD-CF5ABCB8F3AB}.Release|Any CPU.ActiveCfg = Release|Any CPU
		{2C2DC9DA-2DC1-4189-B0FD-CF5ABCB8F3AB}.Release|Any CPU.Build.0 = Release|Any CPU
		{70489752-1DD7-4633-BE8C-8DC93AFE157A}.Debug|Any CPU.ActiveCfg = Debug|Any CPU
		{70489752-1DD7-4633-BE8C-8DC93AFE157A}.Debug|Any CPU.Build.0 = Debug|Any CPU
		{70489752-1DD7-4633-BE8C-8DC93AFE157A}.Release|Any CPU.ActiveCfg = Release|Any CPU
		{70489752-1DD7-4633-BE8C-8DC93AFE157A}.Release|Any CPU.Build.0 = Release|Any CPU
		{BCF050D1-ADD9-4FB7-AFB5-D64DD3ACCDAF}.Debug|Any CPU.ActiveCfg = Debug|Any CPU
		{BCF050D1-ADD9-4FB7-AFB5-D64DD3ACCDAF}.Debug|Any CPU.Build.0 = Debug|Any CPU
		{BCF050D1-ADD9-4FB7-AFB5-D64DD3ACCDAF}.Release|Any CPU.ActiveCfg = Release|Any CPU
		{BCF050D1-ADD9-4FB7-AFB5-D64DD3ACCDAF}.Release|Any CPU.Build.0 = Release|Any CPU
	EndGlobalSection
	GlobalSection(SolutionProperties) = preSolution
		HideSolutionNode = FALSE
	EndGlobalSection
	GlobalSection(ExtensibilityGlobals) = postSolution
		SolutionGuid = {D19BE9B7-8DDD-439A-B694-D34A949FC968}
	EndGlobalSection
EndGlobal
