
Microsoft Visual Studio Solution File, Format Version 12.00
# Visual Studio Version 16
VisualStudioVersion = 16.0.29509.3
MinimumVisualStudioVersion = 10.0.40219.1
Project("{9A19103F-16F7-4668-BE54-9A1E7A4F7556}") = "ActionPoint", "FunctionalProgramingEx\ActionPoint.csproj", "{2982B792-0009-47F0-B32B-F6808B5B7449}"
EndProject
Project("{9A19103F-16F7-4668-BE54-9A1E7A4F7556}") = "KnightsOfHonor", "KnightsOfHonor\KnightsOfHonor.csproj", "{E917A1F8-30D7-411B-9602-4F7EF8B88FA5}"
EndProject
Project("{9A19103F-16F7-4668-BE54-9A1E7A4F7556}") = "CustomMinFunction", "CustomMinFunction\CustomMinFunction.csproj", "{9CFC07C0-5E3D-4D86-8744-D2EACFB296BD}"
EndProject
Project("{9A19103F-16F7-4668-BE54-9A1E7A4F7556}") = "FindEvensOrOdds", "FindEvensOrOdds\FindEvensOrOdds.csproj", "{8283403C-F183-4B5A-AE1D-40AEAC5A30A5}"
EndProject
Project("{9A19103F-16F7-4668-BE54-9A1E7A4F7556}") = "AppliedArithmetics", "AppliedArithmetics\AppliedArithmetics.csproj", "{91638630-9DD9-4B94-9B13-78727DCA38EB}"
EndProject
Project("{9A19103F-16F7-4668-BE54-9A1E7A4F7556}") = "ReverseAndExclude", "ReverseAndExclude\ReverseAndExclude.csproj", "{DA12E73C-FD40-468D-8070-6E975FF45EFA}"
EndProject
Project("{9A19103F-16F7-4668-BE54-9A1E7A4F7556}") = "PredicateForNames", "PredicateForNames\PredicateForNames.csproj", "{CB72D1E6-5079-4429-B22D-F55CF775965B}"
EndProject
Project("{9A19103F-16F7-4668-BE54-9A1E7A4F7556}") = "CustomComparator", "CustomComparator\CustomComparator.csproj", "{F20445B1-72B3-40EE-8451-8471FBC5CD5D}"
EndProject
Project("{9A19103F-16F7-4668-BE54-9A1E7A4F7556}") = "ListOfPedicates", "ListOfPedicates\ListOfPedicates.csproj", "{FB0A5248-7B74-48BD-B6BE-8DE057530D0F}"
EndProject
Project("{FAE04EC0-301F-11D3-BF4B-00C04F79EFBC}") = "PredicateParty!", "PredicateParty!\PredicateParty!.csproj", "{4D810695-BBEB-46EF-A4CE-F0E99EA8BD40}"
EndProject
Global
	GlobalSection(SolutionConfigurationPlatforms) = preSolution
		Debug|Any CPU = Debug|Any CPU
		Release|Any CPU = Release|Any CPU
	EndGlobalSection
	GlobalSection(ProjectConfigurationPlatforms) = postSolution
		{2982B792-0009-47F0-B32B-F6808B5B7449}.Debug|Any CPU.ActiveCfg = Debug|Any CPU
		{2982B792-0009-47F0-B32B-F6808B5B7449}.Debug|Any CPU.Build.0 = Debug|Any CPU
		{2982B792-0009-47F0-B32B-F6808B5B7449}.Release|Any CPU.ActiveCfg = Release|Any CPU
		{2982B792-0009-47F0-B32B-F6808B5B7449}.Release|Any CPU.Build.0 = Release|Any CPU
		{E917A1F8-30D7-411B-9602-4F7EF8B88FA5}.Debug|Any CPU.ActiveCfg = Debug|Any CPU
		{E917A1F8-30D7-411B-9602-4F7EF8B88FA5}.Debug|Any CPU.Build.0 = Debug|Any CPU
		{E917A1F8-30D7-411B-9602-4F7EF8B88FA5}.Release|Any CPU.ActiveCfg = Release|Any CPU
		{E917A1F8-30D7-411B-9602-4F7EF8B88FA5}.Release|Any CPU.Build.0 = Release|Any CPU
		{9CFC07C0-5E3D-4D86-8744-D2EACFB296BD}.Debug|Any CPU.ActiveCfg = Debug|Any CPU
		{9CFC07C0-5E3D-4D86-8744-D2EACFB296BD}.Debug|Any CPU.Build.0 = Debug|Any CPU
		{9CFC07C0-5E3D-4D86-8744-D2EACFB296BD}.Release|Any CPU.ActiveCfg = Release|Any CPU
		{9CFC07C0-5E3D-4D86-8744-D2EACFB296BD}.Release|Any CPU.Build.0 = Release|Any CPU
		{8283403C-F183-4B5A-AE1D-40AEAC5A30A5}.Debug|Any CPU.ActiveCfg = Debug|Any CPU
		{8283403C-F183-4B5A-AE1D-40AEAC5A30A5}.Debug|Any CPU.Build.0 = Debug|Any CPU
		{8283403C-F183-4B5A-AE1D-40AEAC5A30A5}.Release|Any CPU.ActiveCfg = Release|Any CPU
		{8283403C-F183-4B5A-AE1D-40AEAC5A30A5}.Release|Any CPU.Build.0 = Release|Any CPU
		{91638630-9DD9-4B94-9B13-78727DCA38EB}.Debug|Any CPU.ActiveCfg = Debug|Any CPU
		{91638630-9DD9-4B94-9B13-78727DCA38EB}.Debug|Any CPU.Build.0 = Debug|Any CPU
		{91638630-9DD9-4B94-9B13-78727DCA38EB}.Release|Any CPU.ActiveCfg = Release|Any CPU
		{91638630-9DD9-4B94-9B13-78727DCA38EB}.Release|Any CPU.Build.0 = Release|Any CPU
		{DA12E73C-FD40-468D-8070-6E975FF45EFA}.Debug|Any CPU.ActiveCfg = Debug|Any CPU
		{DA12E73C-FD40-468D-8070-6E975FF45EFA}.Debug|Any CPU.Build.0 = Debug|Any CPU
		{DA12E73C-FD40-468D-8070-6E975FF45EFA}.Release|Any CPU.ActiveCfg = Release|Any CPU
		{DA12E73C-FD40-468D-8070-6E975FF45EFA}.Release|Any CPU.Build.0 = Release|Any CPU
		{CB72D1E6-5079-4429-B22D-F55CF775965B}.Debug|Any CPU.ActiveCfg = Debug|Any CPU
		{CB72D1E6-5079-4429-B22D-F55CF775965B}.Debug|Any CPU.Build.0 = Debug|Any CPU
		{CB72D1E6-5079-4429-B22D-F55CF775965B}.Release|Any CPU.ActiveCfg = Release|Any CPU
		{CB72D1E6-5079-4429-B22D-F55CF775965B}.Release|Any CPU.Build.0 = Release|Any CPU
		{F20445B1-72B3-40EE-8451-8471FBC5CD5D}.Debug|Any CPU.ActiveCfg = Debug|Any CPU
		{F20445B1-72B3-40EE-8451-8471FBC5CD5D}.Debug|Any CPU.Build.0 = Debug|Any CPU
		{F20445B1-72B3-40EE-8451-8471FBC5CD5D}.Release|Any CPU.ActiveCfg = Release|Any CPU
		{F20445B1-72B3-40EE-8451-8471FBC5CD5D}.Release|Any CPU.Build.0 = Release|Any CPU
		{FB0A5248-7B74-48BD-B6BE-8DE057530D0F}.Debug|Any CPU.ActiveCfg = Debug|Any CPU
		{FB0A5248-7B74-48BD-B6BE-8DE057530D0F}.Debug|Any CPU.Build.0 = Debug|Any CPU
		{FB0A5248-7B74-48BD-B6BE-8DE057530D0F}.Release|Any CPU.ActiveCfg = Release|Any CPU
		{FB0A5248-7B74-48BD-B6BE-8DE057530D0F}.Release|Any CPU.Build.0 = Release|Any CPU
		{4D810695-BBEB-46EF-A4CE-F0E99EA8BD40}.Debug|Any CPU.ActiveCfg = Debug|Any CPU
		{4D810695-BBEB-46EF-A4CE-F0E99EA8BD40}.Debug|Any CPU.Build.0 = Debug|Any CPU
		{4D810695-BBEB-46EF-A4CE-F0E99EA8BD40}.Release|Any CPU.ActiveCfg = Release|Any CPU
		{4D810695-BBEB-46EF-A4CE-F0E99EA8BD40}.Release|Any CPU.Build.0 = Release|Any CPU
	EndGlobalSection
	GlobalSection(SolutionProperties) = preSolution
		HideSolutionNode = FALSE
	EndGlobalSection
	GlobalSection(ExtensibilityGlobals) = postSolution
		SolutionGuid = {AA278919-BFC8-47DF-AB94-B803D058DCB7}
	EndGlobalSection
EndGlobal
