
Microsoft Visual Studio Solution File, Format Version 12.00
# Visual Studio Version 16
VisualStudioVersion = 16.0.29509.3
MinimumVisualStudioVersion = 10.0.40219.1
Project("{FAE04EC0-301F-11D3-BF4B-00C04F79EFBC}") = "FunctionalPrograming", "FunctionalPrograming\FunctionalPrograming.csproj", "{99A44A83-E7C3-4975-B53C-6AB7B6AFE261}"
EndProject
Project("{FAE04EC0-301F-11D3-BF4B-00C04F79EFBC}") = "SumNumbers", "SumNumbers\SumNumbers.csproj", "{104D8435-F28F-4D82-88D5-49E3E40A6510}"
EndProject
Project("{FAE04EC0-301F-11D3-BF4B-00C04F79EFBC}") = "CountUppercaseWords", "CountUppercaseWords\CountUppercaseWords.csproj", "{1F9CD36C-A302-41EB-ABC2-F30A231E43BD}"
EndProject
Project("{FAE04EC0-301F-11D3-BF4B-00C04F79EFBC}") = "AddVAT", "AddVAT\AddVAT.csproj", "{15D46E26-8BFA-4F4B-BFB9-4B79E198231E}"
EndProject
Project("{FAE04EC0-301F-11D3-BF4B-00C04F79EFBC}") = "FilterByAge", "FilterByAge\FilterByAge.csproj", "{D8AA33F8-868D-42E8-99B5-87252BA1B3C2}"
EndProject
Global
	GlobalSection(SolutionConfigurationPlatforms) = preSolution
		Debug|Any CPU = Debug|Any CPU
		Release|Any CPU = Release|Any CPU
	EndGlobalSection
	GlobalSection(ProjectConfigurationPlatforms) = postSolution
		{99A44A83-E7C3-4975-B53C-6AB7B6AFE261}.Debug|Any CPU.ActiveCfg = Debug|Any CPU
		{99A44A83-E7C3-4975-B53C-6AB7B6AFE261}.Debug|Any CPU.Build.0 = Debug|Any CPU
		{99A44A83-E7C3-4975-B53C-6AB7B6AFE261}.Release|Any CPU.ActiveCfg = Release|Any CPU
		{99A44A83-E7C3-4975-B53C-6AB7B6AFE261}.Release|Any CPU.Build.0 = Release|Any CPU
		{104D8435-F28F-4D82-88D5-49E3E40A6510}.Debug|Any CPU.ActiveCfg = Debug|Any CPU
		{104D8435-F28F-4D82-88D5-49E3E40A6510}.Debug|Any CPU.Build.0 = Debug|Any CPU
		{104D8435-F28F-4D82-88D5-49E3E40A6510}.Release|Any CPU.ActiveCfg = Release|Any CPU
		{104D8435-F28F-4D82-88D5-49E3E40A6510}.Release|Any CPU.Build.0 = Release|Any CPU
		{1F9CD36C-A302-41EB-ABC2-F30A231E43BD}.Debug|Any CPU.ActiveCfg = Debug|Any CPU
		{1F9CD36C-A302-41EB-ABC2-F30A231E43BD}.Debug|Any CPU.Build.0 = Debug|Any CPU
		{1F9CD36C-A302-41EB-ABC2-F30A231E43BD}.Release|Any CPU.ActiveCfg = Release|Any CPU
		{1F9CD36C-A302-41EB-ABC2-F30A231E43BD}.Release|Any CPU.Build.0 = Release|Any CPU
		{15D46E26-8BFA-4F4B-BFB9-4B79E198231E}.Debug|Any CPU.ActiveCfg = Debug|Any CPU
		{15D46E26-8BFA-4F4B-BFB9-4B79E198231E}.Debug|Any CPU.Build.0 = Debug|Any CPU
		{15D46E26-8BFA-4F4B-BFB9-4B79E198231E}.Release|Any CPU.ActiveCfg = Release|Any CPU
		{15D46E26-8BFA-4F4B-BFB9-4B79E198231E}.Release|Any CPU.Build.0 = Release|Any CPU
		{D8AA33F8-868D-42E8-99B5-87252BA1B3C2}.Debug|Any CPU.ActiveCfg = Debug|Any CPU
		{D8AA33F8-868D-42E8-99B5-87252BA1B3C2}.Debug|Any CPU.Build.0 = Debug|Any CPU
		{D8AA33F8-868D-42E8-99B5-87252BA1B3C2}.Release|Any CPU.ActiveCfg = Release|Any CPU
		{D8AA33F8-868D-42E8-99B5-87252BA1B3C2}.Release|Any CPU.Build.0 = Release|Any CPU
	EndGlobalSection
	GlobalSection(SolutionProperties) = preSolution
		HideSolutionNode = FALSE
	EndGlobalSection
	GlobalSection(ExtensibilityGlobals) = postSolution
		SolutionGuid = {1A492408-CA0D-4228-8A78-59FB18D8A06C}
	EndGlobalSection
EndGlobal
