
Microsoft Visual Studio Solution File, Format Version 12.00
# Visual Studio Version 16
VisualStudioVersion = 16.0.29911.84
MinimumVisualStudioVersion = 10.0.40219.1
Project("{FAE04EC0-301F-11D3-BF4B-00C04F79EFBC}") = "Polymorphism", "Polymorphism\Polymorphism.csproj", "{B2D7D524-21F8-43B0-B119-341E7536B451}"
EndProject
Project("{FAE04EC0-301F-11D3-BF4B-00C04F79EFBC}") = "Animals", "Animals\Animals.csproj", "{5E6DE2A7-5C42-408F-B4A7-0CDDD1273AC9}"
EndProject
Project("{FAE04EC0-301F-11D3-BF4B-00C04F79EFBC}") = "Shapes", "Shapes\Shapes.csproj", "{297BFF11-89D0-4445-AD9E-5AA2A6437D7C}"
EndProject
Global
	GlobalSection(SolutionConfigurationPlatforms) = preSolution
		Debug|Any CPU = Debug|Any CPU
		Release|Any CPU = Release|Any CPU
	EndGlobalSection
	GlobalSection(ProjectConfigurationPlatforms) = postSolution
		{B2D7D524-21F8-43B0-B119-341E7536B451}.Debug|Any CPU.ActiveCfg = Debug|Any CPU
		{B2D7D524-21F8-43B0-B119-341E7536B451}.Debug|Any CPU.Build.0 = Debug|Any CPU
		{B2D7D524-21F8-43B0-B119-341E7536B451}.Release|Any CPU.ActiveCfg = Release|Any CPU
		{B2D7D524-21F8-43B0-B119-341E7536B451}.Release|Any CPU.Build.0 = Release|Any CPU
		{5E6DE2A7-5C42-408F-B4A7-0CDDD1273AC9}.Debug|Any CPU.ActiveCfg = Debug|Any CPU
		{5E6DE2A7-5C42-408F-B4A7-0CDDD1273AC9}.Debug|Any CPU.Build.0 = Debug|Any CPU
		{5E6DE2A7-5C42-408F-B4A7-0CDDD1273AC9}.Release|Any CPU.ActiveCfg = Release|Any CPU
		{5E6DE2A7-5C42-408F-B4A7-0CDDD1273AC9}.Release|Any CPU.Build.0 = Release|Any CPU
		{297BFF11-89D0-4445-AD9E-5AA2A6437D7C}.Debug|Any CPU.ActiveCfg = Debug|Any CPU
		{297BFF11-89D0-4445-AD9E-5AA2A6437D7C}.Debug|Any CPU.Build.0 = Debug|Any CPU
		{297BFF11-89D0-4445-AD9E-5AA2A6437D7C}.Release|Any CPU.ActiveCfg = Release|Any CPU
		{297BFF11-89D0-4445-AD9E-5AA2A6437D7C}.Release|Any CPU.Build.0 = Release|Any CPU
	EndGlobalSection
	GlobalSection(SolutionProperties) = preSolution
		HideSolutionNode = FALSE
	EndGlobalSection
	GlobalSection(ExtensibilityGlobals) = postSolution
		SolutionGuid = {BBF986A7-F09E-41AE-A5E7-F2F1F6994183}
	EndGlobalSection
EndGlobal
